
Microsoft Visual Studio Solution File, Format Version 12.00
# Visual Studio Version 17
VisualStudioVersion = 17.4.33213.308
MinimumVisualStudioVersion = 10.0.40219.1
Project("{FAE04EC0-301F-11D3-BF4B-00C04F79EFBC}") = "Decorator", "Decorator\Decorator.csproj", "{AFB5F60A-4A64-4CCD-91AC-0B358406A087}"
EndProject
Global
	GlobalSection(SolutionConfigurationPlatforms) = preSolution
		Debug|Any CPU = Debug|Any CPU
		Release|Any CPU = Release|Any CPU
	EndGlobalSection
	GlobalSection(ProjectConfigurationPlatforms) = postSolution
		{AFB5F60A-4A64-4CCD-91AC-0B358406A087}.Debug|Any CPU.ActiveCfg = Debug|Any CPU
		{AFB5F60A-4A64-4CCD-91AC-0B358406A087}.Debug|Any CPU.Build.0 = Debug|Any CPU
		{AFB5F60A-4A64-4CCD-91AC-0B358406A087}.Release|Any CPU.ActiveCfg = Release|Any CPU
		{AFB5F60A-4A64-4CCD-91AC-0B358406A087}.Release|Any CPU.Build.0 = Release|Any CPU
	EndGlobalSection
	GlobalSection(SolutionProperties) = preSolution
		HideSolutionNode = FALSE
	EndGlobalSection
	GlobalSection(ExtensibilityGlobals) = postSolution
		SolutionGuid = {3BDA8D8A-C3EF-489A-B573-F416C856F837}
	EndGlobalSection
EndGlobal
